{
  "name": "tweetqa-web",
  "lockfileVersion": 2,
  "requires": true,
  "packages": {
    "": {
      "dependencies": {
        "cooky-cutter": "^1.5.4",
        "faker": "^5.5.3"
      },
      "devDependencies": {
        "@types/faker": "^5.5.9"
      }
    },
    "node_modules/@types/faker": {
      "version": "5.5.9",
      "resolved": "https://registry.npmjs.org/@types/faker/-/faker-5.5.9.tgz",
      "integrity": "sha512-uCx6mP3UY5SIO14XlspxsGjgaemrxpssJI0Ol+GfhxtcKpv9pgRZYsS4eeKeHVLje6Qtc8lGszuBI461+gVZBA==",
      "dev": true
    },
    "node_modules/cooky-cutter": {
      "version": "1.5.4",
      "resolved": "https://registry.npmjs.org/cooky-cutter/-/cooky-cutter-1.5.4.tgz",
      "integrity": "sha512-K+lHJHtMhpKLqBbD2GdTHTfx+8GXTDQBVKKjz8+WZa0Gd9fssCRHEBP9mXou+4Hmk3JEScBq1oo1C+/e0Ly+qA=="
    },
    "node_modules/faker": {
      "version": "5.5.3",
      "resolved": "https://registry.npmjs.org/faker/-/faker-5.5.3.tgz",
      "integrity": "sha512-wLTv2a28wjUyWkbnX7u/ABZBkUkIF2fCd73V6P2oFqEGEktDfzWx4UxrSqtPRw0xPRAcjeAOIiJWqZm3pP4u3g=="
    }
  },
  "dependencies": {
    "@types/faker": {
      "version": "5.5.9",
      "resolved": "https://registry.npmjs.org/@types/faker/-/faker-5.5.9.tgz",
      "integrity": "sha512-uCx6mP3UY5SIO14XlspxsGjgaemrxpssJI0Ol+GfhxtcKpv9pgRZYsS4eeKeHVLje6Qtc8lGszuBI461+gVZBA==",
      "dev": true
    },
    "cooky-cutter": {
      "version": "1.5.4",
      "resolved": "https://registry.npmjs.org/cooky-cutter/-/cooky-cutter-1.5.4.tgz",
      "integrity": "sha512-K+lHJHtMhpKLqBbD2GdTHTfx+8GXTDQBVKKjz8+WZa0Gd9fssCRHEBP9mXou+4Hmk3JEScBq1oo1C+/e0Ly+qA=="
    },
    "faker": {
      "version": "5.5.3",
      "resolved": "https://registry.npmjs.org/faker/-/faker-5.5.3.tgz",
      "integrity": "sha512-wLTv2a28wjUyWkbnX7u/ABZBkUkIF2fCd73V6P2oFqEGEktDfzWx4UxrSqtPRw0xPRAcjeAOIiJWqZm3pP4u3g=="
    }
  }
}
